
Microsoft Visual Studio Solution File, Format Version 12.00
# Visual Studio 14
VisualStudioVersion = 14.0.24720.0
MinimumVisualStudioVersion = 10.0.40219.1
Project("{8BC9CEB8-8B4A-11D0-8D11-00A0C91BC942}") = "keye", "libkeye\keye.vcxproj", "{78F44203-D9A0-4242-A9EA-B74BAE71A515}"
EndProject
Project("{8BC9CEB8-8B4A-11D0-8D11-00A0C91BC942}") = "server", "server\server.vcxproj", "{82F2E13F-BE8F-482E-BF31-1B966FBE3C5D}"
	ProjectSection(ProjectDependencies) = postProject
		{78F44203-D9A0-4242-A9EA-B74BAE71A515} = {78F44203-D9A0-4242-A9EA-B74BAE71A515}
		{57F7FD0B-E215-44C9-92EA-BDC251A229D7} = {57F7FD0B-E215-44C9-92EA-BDC251A229D7}
	EndProjectSection
EndProject
Project("{8BC9CEB8-8B4A-11D0-8D11-00A0C91BC942}") = "client", "client\client.vcxproj", "{50B81C2C-38AA-4888-9C51-50CEE7F6FA80}"
	ProjectSection(ProjectDependencies) = postProject
		{57F7FD0B-E215-44C9-92EA-BDC251A229D7} = {57F7FD0B-E215-44C9-92EA-BDC251A229D7}
		{82F2E13F-BE8F-482E-BF31-1B966FBE3C5D} = {82F2E13F-BE8F-482E-BF31-1B966FBE3C5D}
	EndProjectSection
EndProject
Project("{8BC9CEB8-8B4A-11D0-8D11-00A0C91BC942}") = "libvic", "libvic\libvic.vcxproj", "{57F7FD0B-E215-44C9-92EA-BDC251A229D7}"
EndProject
Global
	GlobalSection(SolutionConfigurationPlatforms) = preSolution
		Debug|x64 = Debug|x64
		Debug|x86 = Debug|x86
		Release|x64 = Release|x64
		Release|x86 = Release|x86
	EndGlobalSection
	GlobalSection(ProjectConfigurationPlatforms) = postSolution
		{78F44203-D9A0-4242-A9EA-B74BAE71A515}.Debug|x64.ActiveCfg = Debug|x64
		{78F44203-D9A0-4242-A9EA-B74BAE71A515}.Debug|x64.Build.0 = Debug|x64
		{78F44203-D9A0-4242-A9EA-B74BAE71A515}.Debug|x86.ActiveCfg = Debug|Win32
		{78F44203-D9A0-4242-A9EA-B74BAE71A515}.Debug|x86.Build.0 = Debug|Win32
		{78F44203-D9A0-4242-A9EA-B74BAE71A515}.Release|x64.ActiveCfg = Release|x64
		{78F44203-D9A0-4242-A9EA-B74BAE71A515}.Release|x64.Build.0 = Release|x64
		{78F44203-D9A0-4242-A9EA-B74BAE71A515}.Release|x86.ActiveCfg = Release|Win32
		{78F44203-D9A0-4242-A9EA-B74BAE71A515}.Release|x86.Build.0 = Release|Win32
		{82F2E13F-BE8F-482E-BF31-1B966FBE3C5D}.Debug|x64.ActiveCfg = Debug|x64
		{82F2E13F-BE8F-482E-BF31-1B966FBE3C5D}.Debug|x64.Build.0 = Debug|x64
		{82F2E13F-BE8F-482E-BF31-1B966FBE3C5D}.Debug|x86.ActiveCfg = Debug|Win32
		{82F2E13F-BE8F-482E-BF31-1B966FBE3C5D}.Debug|x86.Build.0 = Debug|Win32
		{82F2E13F-BE8F-482E-BF31-1B966FBE3C5D}.Release|x64.ActiveCfg = Release|x64
		{82F2E13F-BE8F-482E-BF31-1B966FBE3C5D}.Release|x64.Build.0 = Release|x64
		{82F2E13F-BE8F-482E-BF31-1B966FBE3C5D}.Release|x86.ActiveCfg = Release|Win32
		{82F2E13F-BE8F-482E-BF31-1B966FBE3C5D}.Release|x86.Build.0 = Release|Win32
		{50B81C2C-38AA-4888-9C51-50CEE7F6FA80}.Debug|x64.ActiveCfg = Debug|x64
		{50B81C2C-38AA-4888-9C51-50CEE7F6FA80}.Debug|x64.Build.0 = Debug|x64
		{50B81C2C-38AA-4888-9C51-50CEE7F6FA80}.Debug|x86.ActiveCfg = Debug|Win32
		{50B81C2C-38AA-4888-9C51-50CEE7F6FA80}.Debug|x86.Build.0 = Debug|Win32
		{50B81C2C-38AA-4888-9C51-50CEE7F6FA80}.Release|x64.ActiveCfg = Release|x64
		{50B81C2C-38AA-4888-9C51-50CEE7F6FA80}.Release|x64.Build.0 = Release|x64
		{50B81C2C-38AA-4888-9C51-50CEE7F6FA80}.Release|x86.ActiveCfg = Release|Win32
		{50B81C2C-38AA-4888-9C51-50CEE7F6FA80}.Release|x86.Build.0 = Release|Win32
		{57F7FD0B-E215-44C9-92EA-BDC251A229D7}.Debug|x64.ActiveCfg = Debug|x64
		{57F7FD0B-E215-44C9-92EA-BDC251A229D7}.Debug|x64.Build.0 = Debug|x64
		{57F7FD0B-E215-44C9-92EA-BDC251A229D7}.Debug|x86.ActiveCfg = Debug|Win32
		{57F7FD0B-E215-44C9-92EA-BDC251A229D7}.Debug|x86.Build.0 = Debug|Win32
		{57F7FD0B-E215-44C9-92EA-BDC251A229D7}.Release|x64.ActiveCfg = Release|x64
		{57F7FD0B-E215-44C9-92EA-BDC251A229D7}.Release|x64.Build.0 = Release|x64
		{57F7FD0B-E215-44C9-92EA-BDC251A229D7}.Release|x86.ActiveCfg = Release|Win32
		{57F7FD0B-E215-44C9-92EA-BDC251A229D7}.Release|x86.Build.0 = Release|Win32
	EndGlobalSection
	GlobalSection(SolutionProperties) = preSolution
		HideSolutionNode = FALSE
	EndGlobalSection
EndGlobal
