<?xml version="1.0" encoding="utf-8"?>
<Project ToolsVersion="4.0" xmlns="http://schemas.microsoft.com/developer/msbuild/2003">
  <ItemGroup>
    <Filter Include="utility">
      <UniqueIdentifier>{0aca9536-9110-456a-844d-71259cb6be7c}</UniqueIdentifier>
    </Filter>
    <Filter Include="keyeio">
      <UniqueIdentifier>{126f1bce-81c3-4bbf-a453-0739af82950a}</UniqueIdentifier>
    </Filter>
    <Filter Include="htio">
      <UniqueIdentifier>{9a27f6bc-4131-42e1-9628-ad6bee5c0b95}</UniqueIdentifier>
    </Filter>
    <Filter Include="htio\bas">
      <UniqueIdentifier>{c1df2e89-bf44-402f-a6a0-dfb2b3aaacc5}</UniqueIdentifier>
    </Filter>
    <Filter Include="mysql_proxy">
      <UniqueIdentifier>{c9b28b00-ec8e-4bf5-acb9-b75b39e6b001}</UniqueIdentifier>
    </Filter>
    <Filter Include="dbproxy">
      <UniqueIdentifier>{ddb8cd7c-8a91-4b86-99cc-ddad1dc43705}</UniqueIdentifier>
    </Filter>
  </ItemGroup>
  <ItemGroup>
    <ClInclude Include="keye\keye_fwd.h" />
    <ClInclude Include="keye\keye_pch.hpp" />
    <ClInclude Include="keye\keyeio\svc_handler.h">
      <Filter>keyeio</Filter>
    </ClInclude>
    <ClInclude Include="keye\keyeio\work_handler.h">
      <Filter>keyeio</Filter>
    </ClInclude>
    <ClInclude Include="keye\keyeio\alloc.h">
      <Filter>keyeio</Filter>
    </ClInclude>
    <ClInclude Include="keye\keyeio\impl_decl.hpp">
      <Filter>keyeio</Filter>
    </ClInclude>
    <ClInclude Include="keye\keyeio\keyeio_fwd.h">
      <Filter>keyeio</Filter>
    </ClInclude>
    <ClInclude Include="keye\keyeio\keyeio_pch.hpp">
      <Filter>keyeio</Filter>
    </ClInclude>
    <ClInclude Include="keye\keyeio\packet.h">
      <Filter>keyeio</Filter>
    </ClInclude>
    <ClInclude Include="keye\keyeio\service.h">
      <Filter>keyeio</Filter>
    </ClInclude>
    <ClInclude Include="keye\utility\logger.h">
      <Filter>utility</Filter>
    </ClInclude>
    <ClInclude Include="keye\utility\utility_fwd.h">
      <Filter>utility</Filter>
    </ClInclude>
    <ClInclude Include="keye\utility\utility_pch.hpp">
      <Filter>utility</Filter>
    </ClInclude>
    <ClInclude Include="keye\utility\conf_file.h">
      <Filter>utility</Filter>
    </ClInclude>
    <ClInclude Include="stdafx.h" />
    <ClInclude Include="keye\htio\htio_fwd.h">
      <Filter>htio</Filter>
    </ClInclude>
    <ClInclude Include="keye\htio\htio_pch.hpp">
      <Filter>htio</Filter>
    </ClInclude>
    <ClInclude Include="keye\htio\http_client.h">
      <Filter>htio</Filter>
    </ClInclude>
    <ClInclude Include="keye\htio\metric.h">
      <Filter>htio</Filter>
    </ClInclude>
    <ClInclude Include="keye\htio\service.h">
      <Filter>htio</Filter>
    </ClInclude>
    <ClInclude Include="keye\htio\svc_handler.h">
      <Filter>htio</Filter>
    </ClInclude>
    <ClInclude Include="keye\htio\svc_handler.hpp">
      <Filter>htio</Filter>
    </ClInclude>
    <ClInclude Include="keye\htio\work_handler.hpp">
      <Filter>htio</Filter>
    </ClInclude>
    <ClInclude Include="keye\htio\bas\io_service_pool.hpp">
      <Filter>htio\bas</Filter>
    </ClInclude>
    <ClInclude Include="keye\htio\bas\service.hpp">
      <Filter>htio\bas</Filter>
    </ClInclude>
    <ClInclude Include="keye\htio\bas\service_handler.hpp">
      <Filter>htio\bas</Filter>
    </ClInclude>
    <ClInclude Include="keye\htio\bas\service_handler_pool.hpp">
      <Filter>htio\bas</Filter>
    </ClInclude>
    <ClInclude Include="keye\htio\bas\bas_fwd.hpp">
      <Filter>htio\bas</Filter>
    </ClInclude>
    <ClInclude Include="keye\htio\bas\bas_pch.hpp">
      <Filter>htio\bas</Filter>
    </ClInclude>
    <ClInclude Include="keye\mysql_proxy\mysql_connection.hpp">
      <Filter>mysql_proxy</Filter>
    </ClInclude>
    <ClInclude Include="keye\mysql_proxy\mysql_error.hpp">
      <Filter>mysql_proxy</Filter>
    </ClInclude>
    <ClInclude Include="keye\mysql_proxy\mysql_parameters.h">
      <Filter>mysql_proxy</Filter>
    </ClInclude>
    <ClInclude Include="keye\mysql_proxy\mysql_parameters.hpp">
      <Filter>mysql_proxy</Filter>
    </ClInclude>
    <ClInclude Include="keye\mysql_proxy\mysql_proxy.h">
      <Filter>mysql_proxy</Filter>
    </ClInclude>
    <ClInclude Include="keye\mysql_proxy\mysql_proxy_fwd.h">
      <Filter>mysql_proxy</Filter>
    </ClInclude>
    <ClInclude Include="keye\mysql_proxy\mysql_proxy_pch.hpp">
      <Filter>mysql_proxy</Filter>
    </ClInclude>
    <ClInclude Include="keye\mysql_proxy\mysql_resultset.h">
      <Filter>mysql_proxy</Filter>
    </ClInclude>
    <ClInclude Include="keye\mysql_proxy\mysql_resultset.hpp">
      <Filter>mysql_proxy</Filter>
    </ClInclude>
    <ClInclude Include="keye\mysql_proxy\mysql_statement.h">
      <Filter>mysql_proxy</Filter>
    </ClInclude>
    <ClInclude Include="keye\mysql_proxy\mysql_statement.hpp">
      <Filter>mysql_proxy</Filter>
    </ClInclude>
    <ClInclude Include="keye\mysql_proxy\mysql_svc.hpp">
      <Filter>mysql_proxy</Filter>
    </ClInclude>
    <ClInclude Include="keye\utility\buf_set.h">
      <Filter>utility</Filter>
    </ClInclude>
    <ClInclude Include="keye\htio\packer.h">
      <Filter>htio</Filter>
    </ClInclude>
    <ClInclude Include="keye\htio\htio_demo.h">
      <Filter>htio</Filter>
    </ClInclude>
    <ClInclude Include="keye\utility\secure_hash.h">
      <Filter>utility</Filter>
    </ClInclude>
    <ClInclude Include="keye\htio\op_packer.h">
      <Filter>htio</Filter>
    </ClInclude>
    <ClInclude Include="keye\utility\str_util.h">
      <Filter>utility</Filter>
    </ClInclude>
    <ClInclude Include="keye\utility\md5.h">
      <Filter>utility</Filter>
    </ClInclude>
    <ClInclude Include="keye\htio\ws_handler.hpp">
      <Filter>htio</Filter>
    </ClInclude>
    <ClInclude Include="keye\htio\ws_service.h">
      <Filter>htio</Filter>
    </ClInclude>
    <ClInclude Include="keye\htio\ws_client.h">
      <Filter>htio</Filter>
    </ClInclude>
    <ClInclude Include="keye\redis\r3c.h">
      <Filter>dbproxy</Filter>
    </ClInclude>
  </ItemGroup>
  <ItemGroup>
    <ClCompile Include="keye\keyeio\packet.cpp">
      <Filter>keyeio</Filter>
    </ClCompile>
    <ClCompile Include="keye\keyeio\servicei.cpp">
      <Filter>keyeio</Filter>
    </ClCompile>
    <ClCompile Include="keye\keyeio\svc_handler.cpp">
      <Filter>keyeio</Filter>
    </ClCompile>
    <ClCompile Include="keye\utility\conf_file.cpp">
      <Filter>utility</Filter>
    </ClCompile>
    <ClCompile Include="keye\utility\logger.cpp">
      <Filter>utility</Filter>
    </ClCompile>
    <ClCompile Include="stdafx.cpp" />
    <ClCompile Include="keye\htio\http_client.cpp">
      <Filter>htio</Filter>
    </ClCompile>
    <ClCompile Include="keye\htio\metric.cpp">
      <Filter>htio</Filter>
    </ClCompile>
    <ClCompile Include="keye\htio\service.cpp">
      <Filter>htio</Filter>
    </ClCompile>
    <ClCompile Include="keye\mysql_proxy\mysql_parameters.cpp">
      <Filter>mysql_proxy</Filter>
    </ClCompile>
    <ClCompile Include="keye\mysql_proxy\mysql_proxy.cpp">
      <Filter>mysql_proxy</Filter>
    </ClCompile>
    <ClCompile Include="keye\mysql_proxy\mysql_resultset.cpp">
      <Filter>mysql_proxy</Filter>
    </ClCompile>
    <ClCompile Include="keye\mysql_proxy\mysql_statement.cpp">
      <Filter>mysql_proxy</Filter>
    </ClCompile>
    <ClCompile Include="keye\utility\secure_hash.cpp">
      <Filter>utility</Filter>
    </ClCompile>
    <ClCompile Include="keye\utility\str_util.cpp">
      <Filter>utility</Filter>
    </ClCompile>
    <ClCompile Include="keye\utility\md5.cpp">
      <Filter>utility</Filter>
    </ClCompile>
    <ClCompile Include="keye\htio\ws_service.cpp">
      <Filter>htio</Filter>
    </ClCompile>
    <ClCompile Include="keye\htio\ws_client.cpp">
      <Filter>htio</Filter>
    </ClCompile>
    <ClCompile Include="keye\redis\r3c.cpp">
      <Filter>dbproxy</Filter>
    </ClCompile>
  </ItemGroup>
</Project>