<?xml version="1.0" encoding="utf-8"?>
<Project ToolsVersion="4.0" xmlns="http://schemas.microsoft.com/developer/msbuild/2003">
  <ItemGroup>
    <ClInclude Include="stdafx.h" />
    <ClInclude Include="immortal\DiscardGame.h">
      <Filter>immortal</Filter>
    </ClInclude>
    <ClInclude Include="immortal\Game.h">
      <Filter>immortal</Filter>
    </ClInclude>
    <ClInclude Include="immortal\GameListener.h">
      <Filter>immortal</Filter>
    </ClInclude>
    <ClInclude Include="immortal\GameRule.h">
      <Filter>immortal</Filter>
    </ClInclude>
    <ClInclude Include="immortal\Immortal.h">
      <Filter>immortal</Filter>
    </ClInclude>
    <ClInclude Include="immortal\ImmortalFwd.h">
      <Filter>immortal</Filter>
    </ClInclude>
    <ClInclude Include="immortal\MeldGame.h">
      <Filter>immortal</Filter>
    </ClInclude>
    <ClInclude Include="immortal\Player.h">
      <Filter>immortal</Filter>
    </ClInclude>
    <ClInclude Include="..\include\GameDefine.h" />
    <ClInclude Include="..\include\Server.h" />
    <ClInclude Include="..\include\PBHelper.h" />
  </ItemGroup>
  <ItemGroup>
    <ClCompile Include="stdafx.cpp" />
    <ClCompile Include="immortal\DiscardGame.cpp">
      <Filter>immortal</Filter>
    </ClCompile>
    <ClCompile Include="immortal\GameRule.cpp">
      <Filter>immortal</Filter>
    </ClCompile>
    <ClCompile Include="immortal\Immortal.cpp">
      <Filter>immortal</Filter>
    </ClCompile>
    <ClCompile Include="immortal\MeldGame.cpp">
      <Filter>immortal</Filter>
    </ClCompile>
    <ClCompile Include="immortal\Player.cpp">
      <Filter>immortal</Filter>
    </ClCompile>
  </ItemGroup>
  <ItemGroup>
    <Filter Include="immortal">
      <UniqueIdentifier>{e81bad55-439a-4a40-a86e-d03e689f68f2}</UniqueIdentifier>
    </Filter>
  </ItemGroup>
</Project>