// !$*UTF8*$!
{
	archiveVersion = 1;
	classes = {
	};
	objectVersion = 46;
	objects = {

/* Begin PBXBuildFile section */
		5E1099061D6731B900B02E6B /* liblibvic.a in Frameworks */ = {isa = PBXBuildFile; fileRef = 5E1099051D6731B900B02E6B /* liblibvic.a */; };
		5E3845B41D35490900F9B096 /* libkeye.a in Frameworks */ = {isa = PBXBuildFile; fileRef = 5E3845B31D35490900F9B096 /* libkeye.a */; };
		5E430E271D6FF2E400B85CB8 /* robot.cpp in Sources */ = {isa = PBXBuildFile; fileRef = 5E430E261D6FF2E400B85CB8 /* robot.cpp */; };
		5E430E2A1D70151000B85CB8 /* MsgHandler.cpp in Sources */ = {isa = PBXBuildFile; fileRef = 5E430E281D70151000B85CB8 /* MsgHandler.cpp */; };
/* End PBXBuildFile section */

/* Begin PBXCopyFilesBuildPhase section */
		5E38458C1D3545BB00F9B096 /* CopyFiles */ = {
			isa = PBXCopyFilesBuildPhase;
			buildActionMask = 2147483647;
			dstPath = /usr/share/man/man1/;
			dstSubfolderSpec = 0;
			files = (
			);
			runOnlyForDeploymentPostprocessing = 1;
		};
/* End PBXCopyFilesBuildPhase section */

/* Begin PBXFileReference section */
		5E1099051D6731B900B02E6B /* liblibvic.a */ = {isa = PBXFileReference; lastKnownFileType = archive.ar; name = liblibvic.a; path = ../libvic/build/Debug/liblibvic.a; sourceTree = "<group>"; };
		5E38458E1D3545BB00F9B096 /* robot */ = {isa = PBXFileReference; explicitFileType = "compiled.mach-o.executable"; includeInIndex = 0; path = robot; sourceTree = BUILT_PRODUCTS_DIR; };
		5E3845B31D35490900F9B096 /* libkeye.a */ = {isa = PBXFileReference; lastKnownFileType = archive.ar; name = libkeye.a; path = "../../../Library/Developer/Xcode/DerivedData/server-dwybynuuejmzmkeiqegwnxidbfhh/Build/Products/Debug/libkeye.a"; sourceTree = "<group>"; };
		5E430E261D6FF2E400B85CB8 /* robot.cpp */ = {isa = PBXFileReference; fileEncoding = 4; lastKnownFileType = sourcecode.cpp.cpp; path = robot.cpp; sourceTree = "<group>"; };
		5E430E281D70151000B85CB8 /* MsgHandler.cpp */ = {isa = PBXFileReference; fileEncoding = 4; lastKnownFileType = sourcecode.cpp.cpp; path = MsgHandler.cpp; sourceTree = "<group>"; };
		5E430E291D70151000B85CB8 /* MsgHandler.h */ = {isa = PBXFileReference; fileEncoding = 4; lastKnownFileType = sourcecode.c.h; path = MsgHandler.h; sourceTree = "<group>"; };
		5E430E2B1D70165C00B85CB8 /* robot.h */ = {isa = PBXFileReference; fileEncoding = 4; lastKnownFileType = sourcecode.c.h; path = robot.h; sourceTree = "<group>"; };
		5E430E2C1D70193C00B85CB8 /* robot_fwd.h */ = {isa = PBXFileReference; fileEncoding = 4; lastKnownFileType = sourcecode.c.h; path = robot_fwd.h; sourceTree = "<group>"; };
		5E430E331D7070FF00B85CB8 /* PBHelper.h */ = {isa = PBXFileReference; fileEncoding = 4; lastKnownFileType = sourcecode.c.h; path = PBHelper.h; sourceTree = "<group>"; };
/* End PBXFileReference section */

/* Begin PBXFrameworksBuildPhase section */
		5E38458B1D3545BB00F9B096 /* Frameworks */ = {
			isa = PBXFrameworksBuildPhase;
			buildActionMask = 2147483647;
			files = (
				5E1099061D6731B900B02E6B /* liblibvic.a in Frameworks */,
				5E3845B41D35490900F9B096 /* libkeye.a in Frameworks */,
			);
			runOnlyForDeploymentPostprocessing = 0;
		};
/* End PBXFrameworksBuildPhase section */

/* Begin PBXGroup section */
		5E3845851D3545BB00F9B096 = {
			isa = PBXGroup;
			children = (
				5E430E2C1D70193C00B85CB8 /* robot_fwd.h */,
				5E430E281D70151000B85CB8 /* MsgHandler.cpp */,
				5E430E331D7070FF00B85CB8 /* PBHelper.h */,
				5E430E291D70151000B85CB8 /* MsgHandler.h */,
				5E1099051D6731B900B02E6B /* liblibvic.a */,
				5E430E2B1D70165C00B85CB8 /* robot.h */,
				5E430E261D6FF2E400B85CB8 /* robot.cpp */,
				5E3845B31D35490900F9B096 /* libkeye.a */,
				5E38458F1D3545BB00F9B096 /* Products */,
			);
			sourceTree = "<group>";
		};
		5E38458F1D3545BB00F9B096 /* Products */ = {
			isa = PBXGroup;
			children = (
				5E38458E1D3545BB00F9B096 /* robot */,
			);
			name = Products;
			sourceTree = "<group>";
		};
/* End PBXGroup section */

/* Begin PBXNativeTarget section */
		5E38458D1D3545BB00F9B096 /* robot */ = {
			isa = PBXNativeTarget;
			buildConfigurationList = 5E3845951D3545BB00F9B096 /* Build configuration list for PBXNativeTarget "robot" */;
			buildPhases = (
				5E38458A1D3545BB00F9B096 /* Sources */,
				5E38458B1D3545BB00F9B096 /* Frameworks */,
				5E38458C1D3545BB00F9B096 /* CopyFiles */,
			);
			buildRules = (
			);
			dependencies = (
			);
			name = robot;
			productName = client;
			productReference = 5E38458E1D3545BB00F9B096 /* robot */;
			productType = "com.apple.product-type.tool";
		};
/* End PBXNativeTarget section */

/* Begin PBXProject section */
		5E3845861D3545BB00F9B096 /* Project object */ = {
			isa = PBXProject;
			attributes = {
				LastUpgradeCheck = 0720;
				ORGANIZATIONNAME = "Vic Liu";
				TargetAttributes = {
					5E38458D1D3545BB00F9B096 = {
						CreatedOnToolsVersion = 7.2.1;
					};
				};
			};
			buildConfigurationList = 5E3845891D3545BB00F9B096 /* Build configuration list for PBXProject "robot" */;
			compatibilityVersion = "Xcode 3.2";
			developmentRegion = English;
			hasScannedForEncodings = 0;
			knownRegions = (
				en,
			);
			mainGroup = 5E3845851D3545BB00F9B096;
			productRefGroup = 5E38458F1D3545BB00F9B096 /* Products */;
			projectDirPath = "";
			projectRoot = "";
			targets = (
				5E38458D1D3545BB00F9B096 /* robot */,
			);
		};
/* End PBXProject section */

/* Begin PBXSourcesBuildPhase section */
		5E38458A1D3545BB00F9B096 /* Sources */ = {
			isa = PBXSourcesBuildPhase;
			buildActionMask = 2147483647;
			files = (
				5E430E2A1D70151000B85CB8 /* MsgHandler.cpp in Sources */,
				5E430E271D6FF2E400B85CB8 /* robot.cpp in Sources */,
			);
			runOnlyForDeploymentPostprocessing = 0;
		};
/* End PBXSourcesBuildPhase section */

/* Begin XCBuildConfiguration section */
		5E3845931D3545BB00F9B096 /* Debug */ = {
			isa = XCBuildConfiguration;
			buildSettings = {
				ALWAYS_SEARCH_USER_PATHS = NO;
				CLANG_CXX_LANGUAGE_STANDARD = "gnu++0x";
				CLANG_CXX_LIBRARY = "libc++";
				CLANG_ENABLE_MODULES = YES;
				CLANG_ENABLE_OBJC_ARC = YES;
				CLANG_WARN_BOOL_CONVERSION = YES;
				CLANG_WARN_CONSTANT_CONVERSION = YES;
				CLANG_WARN_DIRECT_OBJC_ISA_USAGE = YES_ERROR;
				CLANG_WARN_EMPTY_BODY = YES;
				CLANG_WARN_ENUM_CONVERSION = YES;
				CLANG_WARN_INT_CONVERSION = YES;
				CLANG_WARN_OBJC_ROOT_CLASS = YES_ERROR;
				CLANG_WARN_UNREACHABLE_CODE = YES;
				CLANG_WARN__DUPLICATE_METHOD_MATCH = YES;
				CODE_SIGN_IDENTITY = "-";
				COPY_PHASE_STRIP = NO;
				DEBUG_INFORMATION_FORMAT = dwarf;
				ENABLE_STRICT_OBJC_MSGSEND = YES;
				ENABLE_TESTABILITY = YES;
				GCC_C_LANGUAGE_STANDARD = gnu99;
				GCC_DYNAMIC_NO_PIC = NO;
				GCC_NO_COMMON_BLOCKS = YES;
				GCC_OPTIMIZATION_LEVEL = 0;
				GCC_PREPROCESSOR_DEFINITIONS = (
					"DEBUG=1",
					"$(inherited)",
				);
				GCC_WARN_64_TO_32_BIT_CONVERSION = YES;
				GCC_WARN_ABOUT_RETURN_TYPE = YES_ERROR;
				GCC_WARN_UNDECLARED_SELECTOR = YES;
				GCC_WARN_UNINITIALIZED_AUTOS = YES_AGGRESSIVE;
				GCC_WARN_UNUSED_FUNCTION = YES;
				GCC_WARN_UNUSED_VARIABLE = YES;
				HEADER_SEARCH_PATHS = (
					../libkeye,
					../libvic,
					../sdks/include,
					../protocol,
				);
				LIBRARY_SEARCH_PATHS = (
					"$(inherited)",
					/usr/local/lib,
					../sdks/libs,
				);
				MACOSX_DEPLOYMENT_TARGET = 10.11;
				MTL_ENABLE_DEBUG_INFO = YES;
				ONLY_ACTIVE_ARCH = YES;
				SDKROOT = macosx;
			};
			name = Debug;
		};
		5E3845941D3545BB00F9B096 /* Release */ = {
			isa = XCBuildConfiguration;
			buildSettings = {
				ALWAYS_SEARCH_USER_PATHS = NO;
				CLANG_CXX_LANGUAGE_STANDARD = "gnu++0x";
				CLANG_CXX_LIBRARY = "libc++";
				CLANG_ENABLE_MODULES = YES;
				CLANG_ENABLE_OBJC_ARC = YES;
				CLANG_WARN_BOOL_CONVERSION = YES;
				CLANG_WARN_CONSTANT_CONVERSION = YES;
				CLANG_WARN_DIRECT_OBJC_ISA_USAGE = YES_ERROR;
				CLANG_WARN_EMPTY_BODY = YES;
				CLANG_WARN_ENUM_CONVERSION = YES;
				CLANG_WARN_INT_CONVERSION = YES;
				CLANG_WARN_OBJC_ROOT_CLASS = YES_ERROR;
				CLANG_WARN_UNREACHABLE_CODE = YES;
				CLANG_WARN__DUPLICATE_METHOD_MATCH = YES;
				CODE_SIGN_IDENTITY = "-";
				COPY_PHASE_STRIP = NO;
				DEBUG_INFORMATION_FORMAT = "dwarf-with-dsym";
				ENABLE_NS_ASSERTIONS = NO;
				ENABLE_STRICT_OBJC_MSGSEND = YES;
				GCC_C_LANGUAGE_STANDARD = gnu99;
				GCC_NO_COMMON_BLOCKS = YES;
				GCC_WARN_64_TO_32_BIT_CONVERSION = YES;
				GCC_WARN_ABOUT_RETURN_TYPE = YES_ERROR;
				GCC_WARN_UNDECLARED_SELECTOR = YES;
				GCC_WARN_UNINITIALIZED_AUTOS = YES_AGGRESSIVE;
				GCC_WARN_UNUSED_FUNCTION = YES;
				GCC_WARN_UNUSED_VARIABLE = YES;
				HEADER_SEARCH_PATHS = (
					../libkeye,
					../libvic,
					../sdks/include,
					../protocol,
				);
				LIBRARY_SEARCH_PATHS = (
					"$(inherited)",
					/usr/local/lib,
					../sdks/libs,
				);
				MACOSX_DEPLOYMENT_TARGET = 10.11;
				MTL_ENABLE_DEBUG_INFO = NO;
				SDKROOT = macosx;
			};
			name = Release;
		};
		5E3845961D3545BB00F9B096 /* Debug */ = {
			isa = XCBuildConfiguration;
			buildSettings = {
				HEADER_SEARCH_PATHS = (
					../libkeye,
					../libvic,
					../sdks/include,
					../protocol,
				);
				PRODUCT_NAME = "$(TARGET_NAME)";
			};
			name = Debug;
		};
		5E3845971D3545BB00F9B096 /* Release */ = {
			isa = XCBuildConfiguration;
			buildSettings = {
				HEADER_SEARCH_PATHS = (
					../libkeye,
					../libvic,
					../sdks/include,
					../protocol,
				);
				PRODUCT_NAME = "$(TARGET_NAME)";
			};
			name = Release;
		};
/* End XCBuildConfiguration section */

/* Begin XCConfigurationList section */
		5E3845891D3545BB00F9B096 /* Build configuration list for PBXProject "robot" */ = {
			isa = XCConfigurationList;
			buildConfigurations = (
				5E3845931D3545BB00F9B096 /* Debug */,
				5E3845941D3545BB00F9B096 /* Release */,
			);
			defaultConfigurationIsVisible = 0;
			defaultConfigurationName = Release;
		};
		5E3845951D3545BB00F9B096 /* Build configuration list for PBXNativeTarget "robot" */ = {
			isa = XCConfigurationList;
			buildConfigurations = (
				5E3845961D3545BB00F9B096 /* Debug */,
				5E3845971D3545BB00F9B096 /* Release */,
			);
			defaultConfigurationIsVisible = 0;
			defaultConfigurationName = Release;
		};
/* End XCConfigurationList section */
	};
	rootObject = 5E3845861D3545BB00F9B096 /* Project object */;
}
