<?xml version="1.0" encoding="utf-8"?>
<Project ToolsVersion="4.0" xmlns="http://schemas.microsoft.com/developer/msbuild/2003">
  <ItemGroup>
    <ClInclude Include="stdafx.h" />
    <ClInclude Include="MsgHandler.h" />
    <ClInclude Include="Lobby.h" />
    <ClInclude Include="LobbyFwd.h" />
  </ItemGroup>
  <ItemGroup>
    <ClCompile Include="stdafx.cpp" />
    <ClCompile Include="Lobby.cpp" />
    <ClCompile Include="MsgHandler.cpp" />
  </ItemGroup>
</Project>